
Microsoft Visual Studio Solution File, Format Version 12.00
# Visual Studio Version 17
VisualStudioVersion = 17.12.35209.166
MinimumVisualStudioVersion = 10.0.40219.1
Project("{FAE04EC0-301F-11D3-BF4B-00C04F79EFBC}") = "RefactoringExample", "RefactoringExample\RefactoringExample.csproj", "{4BB74DB0-9C2B-413B-B294-08704FBC2E77}"
EndProject
Project("{FAE04EC0-301F-11D3-BF4B-00C04F79EFBC}") = "TestProject1", "TestProject1\TestProject1.csproj", "{3F074830-9FCB-475D-BEAB-3705183A981D}"
EndProject
Global
	GlobalSection(SolutionConfigurationPlatforms) = preSolution
		Debug|Any CPU = Debug|Any CPU
		Release|Any CPU = Release|Any CPU
	EndGlobalSection
	GlobalSection(ProjectConfigurationPlatforms) = postSolution
		{4BB74DB0-9C2B-413B-B294-08704FBC2E77}.Debug|Any CPU.ActiveCfg = Debug|Any CPU
		{4BB74DB0-9C2B-413B-B294-08704FBC2E77}.Debug|Any CPU.Build.0 = Debug|Any CPU
		{4BB74DB0-9C2B-413B-B294-08704FBC2E77}.Release|Any CPU.ActiveCfg = Release|Any CPU
		{4BB74DB0-9C2B-413B-B294-08704FBC2E77}.Release|Any CPU.Build.0 = Release|Any CPU
		{3F074830-9FCB-475D-BEAB-3705183A981D}.Debug|Any CPU.ActiveCfg = Debug|Any CPU
		{3F074830-9FCB-475D-BEAB-3705183A981D}.Debug|Any CPU.Build.0 = Debug|Any CPU
		{3F074830-9FCB-475D-BEAB-3705183A981D}.Release|Any CPU.ActiveCfg = Release|Any CPU
		{3F074830-9FCB-475D-BEAB-3705183A981D}.Release|Any CPU.Build.0 = Release|Any CPU
	EndGlobalSection
	GlobalSection(SolutionProperties) = preSolution
		HideSolutionNode = FALSE
	EndGlobalSection
	GlobalSection(ExtensibilityGlobals) = postSolution
		SolutionGuid = {7EE033C9-D1ED-4C2F-B8B3-40B279B1E9ED}
	EndGlobalSection
EndGlobal
